// !$*UTF8*$!
{
	archiveVersion = 1;
	classes = {
	};
	objectVersion = 56;
	objects = {

/* Begin PBXBuildFile section */
		0240DB342B2B51E800E12441 /* MainMenuScene.swift in Sources */ = {isa = PBXBuildFile; fileRef = 0240DB332B2B51E800E12441 /* MainMenuScene.swift */; };
		1214330C2B30A2A40007D14F /* MusicPlayer.swift in Sources */ = {isa = PBXBuildFile; fileRef = 1214330B2B30A2A40007D14F /* MusicPlayer.swift */; };
		121433102B30B5290007D14F /* track.mp3 in Resources */ = {isa = PBXBuildFile; fileRef = 1214330F2B30B5290007D14F /* track.mp3 */; };
		779FD49A2B2B5FA400E245E3 /* PhysicsCategory.swift in Sources */ = {isa = PBXBuildFile; fileRef = 779FD4992B2B5FA400E245E3 /* PhysicsCategory.swift */; };
		779FD49C2B2C5A6900E245E3 /* GameObject.swift in Sources */ = {isa = PBXBuildFile; fileRef = 779FD49B2B2C5A6900E245E3 /* GameObject.swift */; };
		779FD49E2B2C5A8500E245E3 /* ObjectCreator.swift in Sources */ = {isa = PBXBuildFile; fileRef = 779FD49D2B2C5A8500E245E3 /* ObjectCreator.swift */; };
		779FD4A02B2C68DC00E245E3 /* GameSceneVM.swift in Sources */ = {isa = PBXBuildFile; fileRef = 779FD49F2B2C68DC00E245E3 /* GameSceneVM.swift */; };
		77C4995F2B28688E000C3F18 /* CGPoint.swift in Sources */ = {isa = PBXBuildFile; fileRef = 77C4995E2B28688E000C3F18 /* CGPoint.swift */; };
		77D376592B27CF8F00F00A7B /* AppDelegate.swift in Sources */ = {isa = PBXBuildFile; fileRef = 77D376582B27CF8F00F00A7B /* AppDelegate.swift */; };
		77D3765B2B27CF8F00F00A7B /* GameViewController.swift in Sources */ = {isa = PBXBuildFile; fileRef = 77D3765A2B27CF8F00F00A7B /* GameViewController.swift */; };
		77D3765E2B27CF8F00F00A7B /* Main.storyboard in Resources */ = {isa = PBXBuildFile; fileRef = 77D3765C2B27CF8F00F00A7B /* Main.storyboard */; };
		77D376612B27CF8F00F00A7B /* LaunchScreen.storyboard in Resources */ = {isa = PBXBuildFile; fileRef = 77D3765F2B27CF8F00F00A7B /* LaunchScreen.storyboard */; };
		77D376622B27CF8F00F00A7B /* Actions.sks in Resources */ = {isa = PBXBuildFile; fileRef = 77D3764D2B27CF8E00F00A7B /* Actions.sks */; };
		77D376632B27CF8F00F00A7B /* GameScene.sks in Resources */ = {isa = PBXBuildFile; fileRef = 77D3764E2B27CF8E00F00A7B /* GameScene.sks */; };
		77D376642B27CF8F00F00A7B /* GameScene.swift in Sources */ = {isa = PBXBuildFile; fileRef = 77D3764F2B27CF8E00F00A7B /* GameScene.swift */; };
		77D376652B27CF8F00F00A7B /* Assets.xcassets in Resources */ = {isa = PBXBuildFile; fileRef = 77D376502B27CF8F00F00A7B /* Assets.xcassets */; };
/* End PBXBuildFile section */

/* Begin PBXFileReference section */
		0240DB332B2B51E800E12441 /* MainMenuScene.swift */ = {isa = PBXFileReference; lastKnownFileType = sourcecode.swift; path = MainMenuScene.swift; sourceTree = "<group>"; };
		1214330B2B30A2A40007D14F /* MusicPlayer.swift */ = {isa = PBXFileReference; fileEncoding = 4; lastKnownFileType = sourcecode.swift; path = MusicPlayer.swift; sourceTree = "<group>"; };
		1214330F2B30B5290007D14F /* track.mp3 */ = {isa = PBXFileReference; lastKnownFileType = audio.mp3; path = track.mp3; sourceTree = "<group>"; };
		779FD4992B2B5FA400E245E3 /* PhysicsCategory.swift */ = {isa = PBXFileReference; lastKnownFileType = sourcecode.swift; path = PhysicsCategory.swift; sourceTree = "<group>"; };
		779FD49B2B2C5A6900E245E3 /* GameObject.swift */ = {isa = PBXFileReference; lastKnownFileType = sourcecode.swift; path = GameObject.swift; sourceTree = "<group>"; };
		779FD49D2B2C5A8500E245E3 /* ObjectCreator.swift */ = {isa = PBXFileReference; lastKnownFileType = sourcecode.swift; path = ObjectCreator.swift; sourceTree = "<group>"; };
		779FD49F2B2C68DC00E245E3 /* GameSceneVM.swift */ = {isa = PBXFileReference; lastKnownFileType = sourcecode.swift; path = GameSceneVM.swift; sourceTree = "<group>"; };
		77C4995E2B28688E000C3F18 /* CGPoint.swift */ = {isa = PBXFileReference; lastKnownFileType = sourcecode.swift; path = CGPoint.swift; sourceTree = "<group>"; };
		77D3764D2B27CF8E00F00A7B /* Actions.sks */ = {isa = PBXFileReference; lastKnownFileType = file.sks; path = Actions.sks; sourceTree = "<group>"; };
		77D3764E2B27CF8E00F00A7B /* GameScene.sks */ = {isa = PBXFileReference; lastKnownFileType = file.sks; path = GameScene.sks; sourceTree = "<group>"; };
		77D3764F2B27CF8E00F00A7B /* GameScene.swift */ = {isa = PBXFileReference; lastKnownFileType = sourcecode.swift; path = GameScene.swift; sourceTree = "<group>"; };
		77D376502B27CF8F00F00A7B /* Assets.xcassets */ = {isa = PBXFileReference; lastKnownFileType = folder.assetcatalog; path = Assets.xcassets; sourceTree = "<group>"; };
		77D376552B27CF8F00F00A7B /* PizzaRun.app */ = {isa = PBXFileReference; explicitFileType = wrapper.application; includeInIndex = 0; path = PizzaRun.app; sourceTree = BUILT_PRODUCTS_DIR; };
		77D376582B27CF8F00F00A7B /* AppDelegate.swift */ = {isa = PBXFileReference; lastKnownFileType = sourcecode.swift; path = AppDelegate.swift; sourceTree = "<group>"; };
		77D3765A2B27CF8F00F00A7B /* GameViewController.swift */ = {isa = PBXFileReference; lastKnownFileType = sourcecode.swift; path = GameViewController.swift; sourceTree = "<group>"; };
		77D3765D2B27CF8F00F00A7B /* Base */ = {isa = PBXFileReference; lastKnownFileType = file.storyboard; name = Base; path = Base.lproj/Main.storyboard; sourceTree = "<group>"; };
		77D376602B27CF8F00F00A7B /* Base */ = {isa = PBXFileReference; lastKnownFileType = file.storyboard; name = Base; path = Base.lproj/LaunchScreen.storyboard; sourceTree = "<group>"; };
/* End PBXFileReference section */

/* Begin PBXFrameworksBuildPhase section */
		77D376522B27CF8F00F00A7B /* Frameworks */ = {
			isa = PBXFrameworksBuildPhase;
			buildActionMask = 2147483647;
			files = (
			);
			runOnlyForDeploymentPostprocessing = 0;
		};
/* End PBXFrameworksBuildPhase section */

/* Begin PBXGroup section */
		77C4995B2B285607000C3F18 /* Controllers */ = {
			isa = PBXGroup;
			children = (
				77D3765A2B27CF8F00F00A7B /* GameViewController.swift */,
			);
			path = Controllers;
			sourceTree = "<group>";
		};
		77C4995C2B285610000C3F18 /* Scenes */ = {
			isa = PBXGroup;
			children = (
				77D3764F2B27CF8E00F00A7B /* GameScene.swift */,
				0240DB332B2B51E800E12441 /* MainMenuScene.swift */,
				779FD49F2B2C68DC00E245E3 /* GameSceneVM.swift */,
			);
			path = Scenes;
			sourceTree = "<group>";
		};
		77C4995D2B286858000C3F18 /* Extensions */ = {
			isa = PBXGroup;
			children = (
				77C4995E2B28688E000C3F18 /* CGPoint.swift */,
			);
			path = Extensions;
			sourceTree = "<group>";
		};
		77D376472B27CF8E00F00A7B = {
			isa = PBXGroup;
			children = (
				77D3764C2B27CF8E00F00A7B /* PizzaRun Shared */,
				77C4995D2B286858000C3F18 /* Extensions */,
				77D376572B27CF8F00F00A7B /* PizzaRun iOS */,
				77D376562B27CF8F00F00A7B /* Products */,
			);
			sourceTree = "<group>";
		};
		77D3764C2B27CF8E00F00A7B /* PizzaRun Shared */ = {
			isa = PBXGroup;
			children = (
				77D3764D2B27CF8E00F00A7B /* Actions.sks */,
				77D3764E2B27CF8E00F00A7B /* GameScene.sks */,
				779FD49D2B2C5A8500E245E3 /* ObjectCreator.swift */,
				779FD4992B2B5FA400E245E3 /* PhysicsCategory.swift */,
				779FD49B2B2C5A6900E245E3 /* GameObject.swift */,
				77C4995C2B285610000C3F18 /* Scenes */,
				77D376502B27CF8F00F00A7B /* Assets.xcassets */,
			);
			path = "PizzaRun Shared";
			sourceTree = "<group>";
		};
		77D376562B27CF8F00F00A7B /* Products */ = {
			isa = PBXGroup;
			children = (
				77D376552B27CF8F00F00A7B /* PizzaRun.app */,
			);
			name = Products;
			sourceTree = "<group>";
		};
		77D376572B27CF8F00F00A7B /* PizzaRun iOS */ = {
			isa = PBXGroup;
			children = (
				77D376582B27CF8F00F00A7B /* AppDelegate.swift */,
				77C4995B2B285607000C3F18 /* Controllers */,
				77D3765C2B27CF8F00F00A7B /* Main.storyboard */,
				77D3765F2B27CF8F00F00A7B /* LaunchScreen.storyboard */,
				1214330B2B30A2A40007D14F /* MusicPlayer.swift */,
				1214330F2B30B5290007D14F /* track.mp3 */,
			);
			path = "PizzaRun iOS";
			sourceTree = "<group>";
		};
/* End PBXGroup section */

/* Begin PBXNativeTarget section */
		77D376542B27CF8F00F00A7B /* PizzaRun iOS */ = {
			isa = PBXNativeTarget;
			buildConfigurationList = 77D376682B27CF8F00F00A7B /* Build configuration list for PBXNativeTarget "PizzaRun iOS" */;
			buildPhases = (
				77D376512B27CF8F00F00A7B /* Sources */,
				77D376522B27CF8F00F00A7B /* Frameworks */,
				77D376532B27CF8F00F00A7B /* Resources */,
			);
			buildRules = (
			);
			dependencies = (
			);
			name = "PizzaRun iOS";
			productName = "PizzaRun iOS";
			productReference = 77D376552B27CF8F00F00A7B /* PizzaRun.app */;
			productType = "com.apple.product-type.application";
		};
/* End PBXNativeTarget section */

/* Begin PBXProject section */
		77D376482B27CF8E00F00A7B /* Project object */ = {
			isa = PBXProject;
			attributes = {
				BuildIndependentTargetsInParallel = 1;
				LastSwiftUpdateCheck = 1430;
				LastUpgradeCheck = 1430;
				ORGANIZATIONNAME = "Waffle Whales";
				TargetAttributes = {
					77D376542B27CF8F00F00A7B = {
						CreatedOnToolsVersion = 14.3.1;
					};
				};
			};
			buildConfigurationList = 77D3764B2B27CF8E00F00A7B /* Build configuration list for PBXProject "PizzaRun" */;
			compatibilityVersion = "Xcode 14.0";
			developmentRegion = en;
			hasScannedForEncodings = 0;
			knownRegions = (
				en,
				Base,
			);
			mainGroup = 77D376472B27CF8E00F00A7B;
			productRefGroup = 77D376562B27CF8F00F00A7B /* Products */;
			projectDirPath = "";
			projectRoot = "";
			targets = (
				77D376542B27CF8F00F00A7B /* PizzaRun iOS */,
			);
		};
/* End PBXProject section */

/* Begin PBXResourcesBuildPhase section */
		77D376532B27CF8F00F00A7B /* Resources */ = {
			isa = PBXResourcesBuildPhase;
			buildActionMask = 2147483647;
			files = (
				77D376632B27CF8F00F00A7B /* GameScene.sks in Resources */,
				77D3765E2B27CF8F00F00A7B /* Main.storyboard in Resources */,
				121433102B30B5290007D14F /* track.mp3 in Resources */,
				77D376622B27CF8F00F00A7B /* Actions.sks in Resources */,
				77D376612B27CF8F00F00A7B /* LaunchScreen.storyboard in Resources */,
				77D376652B27CF8F00F00A7B /* Assets.xcassets in Resources */,
			);
			runOnlyForDeploymentPostprocessing = 0;
		};
/* End PBXResourcesBuildPhase section */

/* Begin PBXSourcesBuildPhase section */
		77D376512B27CF8F00F00A7B /* Sources */ = {
			isa = PBXSourcesBuildPhase;
			buildActionMask = 2147483647;
			files = (
				0240DB342B2B51E800E12441 /* MainMenuScene.swift in Sources */,
				779FD49E2B2C5A8500E245E3 /* ObjectCreator.swift in Sources */,
				77C4995F2B28688E000C3F18 /* CGPoint.swift in Sources */,
				77D376642B27CF8F00F00A7B /* GameScene.swift in Sources */,
				779FD49C2B2C5A6900E245E3 /* GameObject.swift in Sources */,
				779FD49A2B2B5FA400E245E3 /* PhysicsCategory.swift in Sources */,
				77D3765B2B27CF8F00F00A7B /* GameViewController.swift in Sources */,
				77D376592B27CF8F00F00A7B /* AppDelegate.swift in Sources */,
				1214330C2B30A2A40007D14F /* MusicPlayer.swift in Sources */,
				779FD4A02B2C68DC00E245E3 /* GameSceneVM.swift in Sources */,
			);
			runOnlyForDeploymentPostprocessing = 0;
		};
/* End PBXSourcesBuildPhase section */

/* Begin PBXVariantGroup section */
		77D3765C2B27CF8F00F00A7B /* Main.storyboard */ = {
			isa = PBXVariantGroup;
			children = (
				77D3765D2B27CF8F00F00A7B /* Base */,
			);
			name = Main.storyboard;
			sourceTree = "<group>";
		};
		77D3765F2B27CF8F00F00A7B /* LaunchScreen.storyboard */ = {
			isa = PBXVariantGroup;
			children = (
				77D376602B27CF8F00F00A7B /* Base */,
			);
			name = LaunchScreen.storyboard;
			sourceTree = "<group>";
		};
/* End PBXVariantGroup section */

/* Begin XCBuildConfiguration section */
		77D376662B27CF8F00F00A7B /* Debug */ = {
			isa = XCBuildConfiguration;
			buildSettings = {
				ALWAYS_SEARCH_USER_PATHS = NO;
				CLANG_ANALYZER_NONNULL = YES;
				CLANG_ANALYZER_NUMBER_OBJECT_CONVERSION = YES_AGGRESSIVE;
				CLANG_CXX_LANGUAGE_STANDARD = "gnu++20";
				CLANG_ENABLE_MODULES = YES;
				CLANG_ENABLE_OBJC_ARC = YES;
				CLANG_ENABLE_OBJC_WEAK = YES;
				CLANG_WARN_BLOCK_CAPTURE_AUTORELEASING = YES;
				CLANG_WARN_BOOL_CONVERSION = YES;
				CLANG_WARN_COMMA = YES;
				CLANG_WARN_CONSTANT_CONVERSION = YES;
				CLANG_WARN_DEPRECATED_OBJC_IMPLEMENTATIONS = YES;
				CLANG_WARN_DIRECT_OBJC_ISA_USAGE = YES_ERROR;
				CLANG_WARN_DOCUMENTATION_COMMENTS = YES;
				CLANG_WARN_EMPTY_BODY = YES;
				CLANG_WARN_ENUM_CONVERSION = YES;
				CLANG_WARN_INFINITE_RECURSION = YES;
				CLANG_WARN_INT_CONVERSION = YES;
				CLANG_WARN_NON_LITERAL_NULL_CONVERSION = YES;
				CLANG_WARN_OBJC_IMPLICIT_RETAIN_SELF = YES;
				CLANG_WARN_OBJC_LITERAL_CONVERSION = YES;
				CLANG_WARN_OBJC_ROOT_CLASS = YES_ERROR;
				CLANG_WARN_QUOTED_INCLUDE_IN_FRAMEWORK_HEADER = YES;
				CLANG_WARN_RANGE_LOOP_ANALYSIS = YES;
				CLANG_WARN_STRICT_PROTOTYPES = YES;
				CLANG_WARN_SUSPICIOUS_MOVE = YES;
				CLANG_WARN_UNGUARDED_AVAILABILITY = YES_AGGRESSIVE;
				CLANG_WARN_UNREACHABLE_CODE = YES;
				CLANG_WARN__DUPLICATE_METHOD_MATCH = YES;
				COPY_PHASE_STRIP = NO;
				DEBUG_INFORMATION_FORMAT = dwarf;
				ENABLE_STRICT_OBJC_MSGSEND = YES;
				ENABLE_TESTABILITY = YES;
				GCC_C_LANGUAGE_STANDARD = gnu11;
				GCC_DYNAMIC_NO_PIC = NO;
				GCC_NO_COMMON_BLOCKS = YES;
				GCC_OPTIMIZATION_LEVEL = 0;
				GCC_PREPROCESSOR_DEFINITIONS = (
					"DEBUG=1",
					"$(inherited)",
				);
				GCC_WARN_64_TO_32_BIT_CONVERSION = YES;
				GCC_WARN_ABOUT_RETURN_TYPE = YES_ERROR;
				GCC_WARN_UNDECLARED_SELECTOR = YES;
				GCC_WARN_UNINITIALIZED_AUTOS = YES_AGGRESSIVE;
				GCC_WARN_UNUSED_FUNCTION = YES;
				GCC_WARN_UNUSED_VARIABLE = YES;
				MTL_ENABLE_DEBUG_INFO = INCLUDE_SOURCE;
				MTL_FAST_MATH = YES;
				ONLY_ACTIVE_ARCH = YES;
				SWIFT_ACTIVE_COMPILATION_CONDITIONS = DEBUG;
				SWIFT_OPTIMIZATION_LEVEL = "-Onone";
			};
			name = Debug;
		};
		77D376672B27CF8F00F00A7B /* Release */ = {
			isa = XCBuildConfiguration;
			buildSettings = {
				ALWAYS_SEARCH_USER_PATHS = NO;
				CLANG_ANALYZER_NONNULL = YES;
				CLANG_ANALYZER_NUMBER_OBJECT_CONVERSION = YES_AGGRESSIVE;
				CLANG_CXX_LANGUAGE_STANDARD = "gnu++20";
				CLANG_ENABLE_MODULES = YES;
				CLANG_ENABLE_OBJC_ARC = YES;
				CLANG_ENABLE_OBJC_WEAK = YES;
				CLANG_WARN_BLOCK_CAPTURE_AUTORELEASING = YES;
				CLANG_WARN_BOOL_CONVERSION = YES;
				CLANG_WARN_COMMA = YES;
				CLANG_WARN_CONSTANT_CONVERSION = YES;
				CLANG_WARN_DEPRECATED_OBJC_IMPLEMENTATIONS = YES;
				CLANG_WARN_DIRECT_OBJC_ISA_USAGE = YES_ERROR;
				CLANG_WARN_DOCUMENTATION_COMMENTS = YES;
				CLANG_WARN_EMPTY_BODY = YES;
				CLANG_WARN_ENUM_CONVERSION = YES;
				CLANG_WARN_INFINITE_RECURSION = YES;
				CLANG_WARN_INT_CONVERSION = YES;
				CLANG_WARN_NON_LITERAL_NULL_CONVERSION = YES;
				CLANG_WARN_OBJC_IMPLICIT_RETAIN_SELF = YES;
				CLANG_WARN_OBJC_LITERAL_CONVERSION = YES;
				CLANG_WARN_OBJC_ROOT_CLASS = YES_ERROR;
				CLANG_WARN_QUOTED_INCLUDE_IN_FRAMEWORK_HEADER = YES;
				CLANG_WARN_RANGE_LOOP_ANALYSIS = YES;
				CLANG_WARN_STRICT_PROTOTYPES = YES;
				CLANG_WARN_SUSPICIOUS_MOVE = YES;
				CLANG_WARN_UNGUARDED_AVAILABILITY = YES_AGGRESSIVE;
				CLANG_WARN_UNREACHABLE_CODE = YES;
				CLANG_WARN__DUPLICATE_METHOD_MATCH = YES;
				COPY_PHASE_STRIP = NO;
				DEBUG_INFORMATION_FORMAT = "dwarf-with-dsym";
				ENABLE_NS_ASSERTIONS = NO;
				ENABLE_STRICT_OBJC_MSGSEND = YES;
				GCC_C_LANGUAGE_STANDARD = gnu11;
				GCC_NO_COMMON_BLOCKS = YES;
				GCC_WARN_64_TO_32_BIT_CONVERSION = YES;
				GCC_WARN_ABOUT_RETURN_TYPE = YES_ERROR;
				GCC_WARN_UNDECLARED_SELECTOR = YES;
				GCC_WARN_UNINITIALIZED_AUTOS = YES_AGGRESSIVE;
				GCC_WARN_UNUSED_FUNCTION = YES;
				GCC_WARN_UNUSED_VARIABLE = YES;
				MTL_ENABLE_DEBUG_INFO = NO;
				MTL_FAST_MATH = YES;
				SWIFT_COMPILATION_MODE = wholemodule;
				SWIFT_OPTIMIZATION_LEVEL = "-O";
			};
			name = Release;
		};
		77D376692B27CF8F00F00A7B /* Debug */ = {
			isa = XCBuildConfiguration;
			buildSettings = {
				ASSETCATALOG_COMPILER_APPICON_NAME = AppIcon;
				ASSETCATALOG_COMPILER_GLOBAL_ACCENT_COLOR_NAME = AccentColor;
				CODE_SIGN_STYLE = Automatic;
				CURRENT_PROJECT_VERSION = 1;
				DEVELOPMENT_TEAM = L6KVMS9Q3F;
				GENERATE_INFOPLIST_FILE = YES;
				INFOPLIST_KEY_UIApplicationSupportsIndirectInputEvents = YES;
				INFOPLIST_KEY_UILaunchStoryboardName = LaunchScreen;
				INFOPLIST_KEY_UIMainStoryboardFile = Main;
				INFOPLIST_KEY_UIStatusBarHidden = YES;
				INFOPLIST_KEY_UISupportedInterfaceOrientations_iPad = "UIInterfaceOrientationPortrait UIInterfaceOrientationPortraitUpsideDown UIInterfaceOrientationLandscapeLeft UIInterfaceOrientationLandscapeRight";
				INFOPLIST_KEY_UISupportedInterfaceOrientations_iPhone = "UIInterfaceOrientationPortrait UIInterfaceOrientationLandscapeLeft UIInterfaceOrientationLandscapeRight";
				IPHONEOS_DEPLOYMENT_TARGET = 16.4;
				LD_RUNPATH_SEARCH_PATHS = (
					"$(inherited)",
					"@executable_path/Frameworks",
				);
				MARKETING_VERSION = 1.0;
				PRODUCT_BUNDLE_IDENTIFIER = com.PizzaRun.123;
				PRODUCT_NAME = PizzaRun;
				SDKROOT = iphoneos;
				SWIFT_EMIT_LOC_STRINGS = YES;
				SWIFT_VERSION = 5.0;
				TARGETED_DEVICE_FAMILY = "1,2";
			};
			name = Debug;
		};
		77D3766A2B27CF8F00F00A7B /* Release */ = {
			isa = XCBuildConfiguration;
			buildSettings = {
				ASSETCATALOG_COMPILER_APPICON_NAME = AppIcon;
				ASSETCATALOG_COMPILER_GLOBAL_ACCENT_COLOR_NAME = AccentColor;
				CODE_SIGN_STYLE = Automatic;
				CURRENT_PROJECT_VERSION = 1;
				DEVELOPMENT_TEAM = L6KVMS9Q3F;
				GENERATE_INFOPLIST_FILE = YES;
				INFOPLIST_KEY_UIApplicationSupportsIndirectInputEvents = YES;
				INFOPLIST_KEY_UILaunchStoryboardName = LaunchScreen;
				INFOPLIST_KEY_UIMainStoryboardFile = Main;
				INFOPLIST_KEY_UIStatusBarHidden = YES;
				INFOPLIST_KEY_UISupportedInterfaceOrientations_iPad = "UIInterfaceOrientationPortrait UIInterfaceOrientationPortraitUpsideDown UIInterfaceOrientationLandscapeLeft UIInterfaceOrientationLandscapeRight";
				INFOPLIST_KEY_UISupportedInterfaceOrientations_iPhone = "UIInterfaceOrientationPortrait UIInterfaceOrientationLandscapeLeft UIInterfaceOrientationLandscapeRight";
				IPHONEOS_DEPLOYMENT_TARGET = 16.4;
				LD_RUNPATH_SEARCH_PATHS = (
					"$(inherited)",
					"@executable_path/Frameworks",
				);
				MARKETING_VERSION = 1.0;
				PRODUCT_BUNDLE_IDENTIFIER = com.PizzaRun.123;
				PRODUCT_NAME = PizzaRun;
				SDKROOT = iphoneos;
				SWIFT_EMIT_LOC_STRINGS = YES;
				SWIFT_VERSION = 5.0;
				TARGETED_DEVICE_FAMILY = "1,2";
				VALIDATE_PRODUCT = YES;
			};
			name = Release;
		};
/* End XCBuildConfiguration section */

/* Begin XCConfigurationList section */
		77D3764B2B27CF8E00F00A7B /* Build configuration list for PBXProject "PizzaRun" */ = {
			isa = XCConfigurationList;
			buildConfigurations = (
				77D376662B27CF8F00F00A7B /* Debug */,
				77D376672B27CF8F00F00A7B /* Release */,
			);
			defaultConfigurationIsVisible = 0;
			defaultConfigurationName = Release;
		};
		77D376682B27CF8F00F00A7B /* Build configuration list for PBXNativeTarget "PizzaRun iOS" */ = {
			isa = XCConfigurationList;
			buildConfigurations = (
				77D376692B27CF8F00F00A7B /* Debug */,
				77D3766A2B27CF8F00F00A7B /* Release */,
			);
			defaultConfigurationIsVisible = 0;
			defaultConfigurationName = Release;
		};
/* End XCConfigurationList section */
	};
	rootObject = 77D376482B27CF8E00F00A7B /* Project object */;
}
